
Microsoft Visual Studio Solution File, Format Version 12.00
# Visual Studio Version 17
VisualStudioVersion = 17.5.33516.290
MinimumVisualStudioVersion = 10.0.40219.1
Project("{FAE04EC0-301F-11D3-BF4B-00C04F79EFBC}") = "NZWalksApi", "NZWalksApi\NZWalksApi.csproj", "{FFDBD889-866C-408F-8FC8-7A8FB62B295D}"
EndProject
Global
	GlobalSection(SolutionConfigurationPlatforms) = preSolution
		Debug|Any CPU = Debug|Any CPU
		Release|Any CPU = Release|Any CPU
	EndGlobalSection
	GlobalSection(ProjectConfigurationPlatforms) = postSolution
		{FFDBD889-866C-408F-8FC8-7A8FB62B295D}.Debug|Any CPU.ActiveCfg = Debug|Any CPU
		{FFDBD889-866C-408F-8FC8-7A8FB62B295D}.Debug|Any CPU.Build.0 = Debug|Any CPU
		{FFDBD889-866C-408F-8FC8-7A8FB62B295D}.Release|Any CPU.ActiveCfg = Release|Any CPU
		{FFDBD889-866C-408F-8FC8-7A8FB62B295D}.Release|Any CPU.Build.0 = Release|Any CPU
	EndGlobalSection
	GlobalSection(SolutionProperties) = preSolution
		HideSolutionNode = FALSE
	EndGlobalSection
	GlobalSection(ExtensibilityGlobals) = postSolution
		SolutionGuid = {DBA78CD2-E203-4F3F-8AFE-16AAFF5583D7}
	EndGlobalSection
EndGlobal
